
Microsoft Visual Studio Solution File, Format Version 12.00
# Visual Studio Version 17
VisualStudioVersion = 17.7.34024.191
MinimumVisualStudioVersion = 10.0.40219.1
Project("{8BC9CEB8-8B4A-11D0-8D11-00A0C91BC942}") = "QTRetry", "QTRetry\QTRetry.vcxproj", "{0C938825-14C9-4029-84AA-CBBCC4E94F6C}"
EndProject
Global
	GlobalSection(SolutionConfigurationPlatforms) = preSolution
		Debug|x64 = Debug|x64
		Release|x64 = Release|x64
	EndGlobalSection
	GlobalSection(ProjectConfigurationPlatforms) = postSolution
		{0C938825-14C9-4029-84AA-CBBCC4E94F6C}.Debug|x64.ActiveCfg = Debug|x64
		{0C938825-14C9-4029-84AA-CBBCC4E94F6C}.Debug|x64.Build.0 = Debug|x64
		{0C938825-14C9-4029-84AA-CBBCC4E94F6C}.Release|x64.ActiveCfg = Release|x64
		{0C938825-14C9-4029-84AA-CBBCC4E94F6C}.Release|x64.Build.0 = Release|x64
	EndGlobalSection
	GlobalSection(SolutionProperties) = preSolution
		HideSolutionNode = FALSE
	EndGlobalSection
	GlobalSection(ExtensibilityGlobals) = postSolution
		SolutionGuid = {04697F85-650F-4CF3-92B7-5E27CE6C368E}
	EndGlobalSection
EndGlobal
